{
    "_readme": [
        "This file locks the dependencies of your project to a known state",
        "Read more about it at https://getcomposer.org/doc/01-basic-usage.md#composer-lock-the-lock-file",
        "This file is @generated automatically"
    ],
    "hash": "c0b0db3585ba7e047df62cdc9cda29ca",
    "content-hash": "dba18e53a7c23d604f4d1d237ec73f1f",
    "packages": [
        {
            "name": "motivatedsloth/noaa",
            "version": "dev-master",
            "source": {
                "type": "git",
                "url": "https://github.com/motivatedsloth/noaa.git",
                "reference": "4e55f31f5ba97df57b1553d9ea13a2dbb7eff8c4"
            },
            "dist": {
                "type": "zip",
                "url": "https://api.github.com/repos/motivatedsloth/noaa/zipball/4e55f31f5ba97df57b1553d9ea13a2dbb7eff8c4",
                "reference": "4e55f31f5ba97df57b1553d9ea13a2dbb7eff8c4",
                "shasum": ""
            },
            "require": {
                "ext-curl": "*",
                "php": ">=5.3.0"
            },
            "type": "library",
            "autoload": {
                "psr-4": {
                    "noaa\\": "noaa/"
                }
            },
            "notification-url": "https://packagist.org/downloads/",
            "license": [
                "MIT"
            ],
            "authors": [
                {
                    "name": "Alan Buss",
                    "email": "al@constellationwebservices.com",
                    "homepage": "http://constellationwebservices.com"
                }
            ],
            "description": "Client library for NOAA's forecast and current weather service api",
            "homepage": "https://github.com/motivatedsloth/noaa",
            "keywords": [
                "noaa",
                "weather"
            ],
            "time": "2017-01-13 15:26:09"
        },
        {
            "name": "ronanguilloux/php-gpio",
            "version": "v1.0.0",
            "source": {
                "type": "git",
                "url": "https://github.com/ronanguilloux/php-gpio.git",
                "reference": "2f2bcbfbe8bb27883d814375500a9755dae70d36"
            },
            "dist": {
                "type": "zip",
                "url": "https://api.github.com/repos/ronanguilloux/php-gpio/zipball/2f2bcbfbe8bb27883d814375500a9755dae70d36",
                "reference": "2f2bcbfbe8bb27883d814375500a9755dae70d36",
                "shasum": ""
            },
            "require": {
                "php": ">=5.3.0"
            },
            "type": "library",
            "autoload": {
                "psr-0": {
                    "PhpGpio": "src/"
                }
            },
            "notification-url": "https://packagist.org/downloads/",
            "license": [
                "MIT"
            ],
            "authors": [
                {
                    "name": "Ronan Guilloux",
                    "email": "ronan.guilloux@gmail.com",
                    "homepage": "http://github.com/ronanguilloux",
                    "role": "Developer"
                }
            ],
            "description": "GPIO-related utils & toolkit PHP library",
            "homepage": "https://github.com/ronanguilloux/php-gpio",
            "keywords": [
                "GPIO",
                "chip",
                "chipset",
                "hardware",
                "input",
                "output",
                "pin",
                "port",
                "raspberry",
                "raspberry pi",
                "sensors"
            ],
            "time": "2013-06-24 16:53:23"
        },
        {
            "name": "symfony/yaml",
            "version": "v3.2.2",
            "source": {
                "type": "git",
                "url": "https://github.com/symfony/yaml.git",
                "reference": "50eadbd7926e31842893c957eca362b21592a97d"
            },
            "dist": {
                "type": "zip",
                "url": "https://api.github.com/repos/symfony/yaml/zipball/50eadbd7926e31842893c957eca362b21592a97d",
                "reference": "50eadbd7926e31842893c957eca362b21592a97d",
                "shasum": ""
            },
            "require": {
                "php": ">=5.5.9"
            },
            "require-dev": {
                "symfony/console": "~2.8|~3.0"
            },
            "suggest": {
                "symfony/console": "For validating YAML files using the lint command"
            },
            "type": "library",
            "extra": {
                "branch-alias": {
                    "dev-master": "3.2-dev"
                }
            },
            "autoload": {
                "psr-4": {
                    "Symfony\\Component\\Yaml\\": ""
                },
                "exclude-from-classmap": [
                    "/Tests/"
                ]
            },
            "notification-url": "https://packagist.org/downloads/",
            "license": [
                "MIT"
            ],
            "authors": [
                {
                    "name": "Fabien Potencier",
                    "email": "fabien@symfony.com"
                },
                {
                    "name": "Symfony Community",
                    "homepage": "https://symfony.com/contributors"
                }
            ],
            "description": "Symfony Yaml Component",
            "homepage": "https://symfony.com",
            "time": "2017-01-03 13:51:32"
        }
    ],
    "packages-dev": [],
    "aliases": [],
    "minimum-stability": "stable",
    "stability-flags": {
        "motivatedsloth/noaa": 20
    },
    "prefer-stable": false,
    "prefer-lowest": false,
    "platform": {
        "php": ">=7.0.0"
    },
    "platform-dev": []
}
