{
    "_readme": [
        "This file locks the dependencies of your project to a known state",
        "Read more about it at https://getcomposer.org/doc/01-basic-usage.md#composer-lock-the-lock-file",
        "This file is @generated automatically"
    ],
    "content-hash": "c82800dc0b73214670248b3c54da0dee",
    "packages": [
        {
            "name": "calcinai/php-mmap",
            "version": "v0.1.8",
            "source": {
                "type": "git",
                "url": "https://github.com/calcinai/php-mmap.git",
                "reference": "68802f9be76696cf0e5e7db79f6788728d428477"
            },
            "dist": {
                "type": "zip",
                "url": "https://api.github.com/repos/calcinai/php-mmap/zipball/68802f9be76696cf0e5e7db79f6788728d428477",
                "reference": "68802f9be76696cf0e5e7db79f6788728d428477",
                "shasum": ""
            },
            "require": {
                "php": ">=5.4.0"
            },
            "suggest": {
                "ext-mmap": "Much more efficient native extension"
            },
            "type": "library",
            "autoload": {
                "psr-4": {
                    "Calcinai\\MMap\\": "lib/MMap"
                },
                "files": [
                    "lib/registration.php"
                ]
            },
            "notification-url": "https://packagist.org/downloads/",
            "license": [
                "MIT"
            ],
            "authors": [
                {
                    "name": "Michael Calcinai",
                    "email": "michael@calcin.ai"
                }
            ],
            "description": "mmap for PHP",
            "time": "2016-08-01T09:05:45+00:00"
        },
        {
            "name": "calcinai/phpi",
            "version": "v0.2.3",
            "source": {
                "type": "git",
                "url": "https://github.com/calcinai/phpi.git",
                "reference": "de81c99942d8e1d8843229867de1b85b04705d5e"
            },
            "dist": {
                "type": "zip",
                "url": "https://api.github.com/repos/calcinai/phpi/zipball/de81c99942d8e1d8843229867de1b85b04705d5e",
                "reference": "de81c99942d8e1d8843229867de1b85b04705d5e",
                "shasum": ""
            },
            "require": {
                "calcinai/php-mmap": "^0.1",
                "php": ">=5.4.0",
                "react/event-loop": "^0.4.1"
            },
            "require-dev": {
                "phpunit/phpunit": "^4.8"
            },
            "suggest": {
                "cboden/ratchet": "For realtime, bidirectional control from a web browser",
                "ext-mmap": "Much more efficient native extension for accessing peripheral registers"
            },
            "bin": [
                "bin/phpi"
            ],
            "type": "library",
            "autoload": {
                "psr-4": {
                    "Calcinai\\PHPi\\": "src/PHPi"
                }
            },
            "notification-url": "https://packagist.org/downloads/",
            "license": [
                "MIT"
            ],
            "authors": [
                {
                    "name": "Michael Calcinai",
                    "email": "michael@calcin.ai"
                }
            ],
            "description": "Event driven bindings for the Raspberry Pi GPIO",
            "keywords": [
                "GPIO",
                "pi",
                "pwm",
                "raspberry",
                "rpi",
                "spi",
                "websocket"
            ],
            "time": "2017-01-16T10:47:07+00:00"
        },
        {
            "name": "motivatedsloth/noaa",
            "version": "dev-master",
            "source": {
                "type": "git",
                "url": "https://github.com/motivatedsloth/noaa.git",
                "reference": "4e55f31f5ba97df57b1553d9ea13a2dbb7eff8c4"
            },
            "dist": {
                "type": "zip",
                "url": "https://api.github.com/repos/motivatedsloth/noaa/zipball/4e55f31f5ba97df57b1553d9ea13a2dbb7eff8c4",
                "reference": "4e55f31f5ba97df57b1553d9ea13a2dbb7eff8c4",
                "shasum": ""
            },
            "require": {
                "ext-curl": "*",
                "php": ">=5.3.0"
            },
            "type": "library",
            "autoload": {
                "psr-4": {
                    "noaa\\": "noaa/"
                }
            },
            "notification-url": "https://packagist.org/downloads/",
            "license": [
                "MIT"
            ],
            "authors": [
                {
                    "name": "Alan Buss",
                    "email": "al@constellationwebservices.com",
                    "homepage": "http://constellationwebservices.com"
                }
            ],
            "description": "Client library for NOAA's forecast and current weather service api",
            "homepage": "https://github.com/motivatedsloth/noaa",
            "keywords": [
                "noaa",
                "weather"
            ],
            "time": "2017-01-13 15:26:09"
        },
        {
            "name": "react/event-loop",
            "version": "v0.4.2",
            "source": {
                "type": "git",
                "url": "https://github.com/reactphp/event-loop.git",
                "reference": "164799f73175e1c80bba92a220ea35df6ca371dd"
            },
            "dist": {
                "type": "zip",
                "url": "https://api.github.com/repos/reactphp/event-loop/zipball/164799f73175e1c80bba92a220ea35df6ca371dd",
                "reference": "164799f73175e1c80bba92a220ea35df6ca371dd",
                "shasum": ""
            },
            "require": {
                "php": ">=5.4.0"
            },
            "suggest": {
                "ext-event": "~1.0",
                "ext-libev": "*",
                "ext-libevent": ">=0.1.0"
            },
            "type": "library",
            "extra": {
                "branch-alias": {
                    "dev-master": "0.5-dev"
                }
            },
            "autoload": {
                "psr-4": {
                    "React\\EventLoop\\": "src"
                }
            },
            "notification-url": "https://packagist.org/downloads/",
            "license": [
                "MIT"
            ],
            "description": "Event loop abstraction layer that libraries can use for evented I/O.",
            "keywords": [
                "asynchronous",
                "event-loop"
            ],
            "time": "2016-03-08T02:09:32+00:00"
        },
        {
            "name": "symfony/yaml",
            "version": "v3.2.2",
            "source": {
                "type": "git",
                "url": "https://github.com/symfony/yaml.git",
                "reference": "50eadbd7926e31842893c957eca362b21592a97d"
            },
            "dist": {
                "type": "zip",
                "url": "https://api.github.com/repos/symfony/yaml/zipball/50eadbd7926e31842893c957eca362b21592a97d",
                "reference": "50eadbd7926e31842893c957eca362b21592a97d",
                "shasum": ""
            },
            "require": {
                "php": ">=5.5.9"
            },
            "require-dev": {
                "symfony/console": "~2.8|~3.0"
            },
            "suggest": {
                "symfony/console": "For validating YAML files using the lint command"
            },
            "type": "library",
            "extra": {
                "branch-alias": {
                    "dev-master": "3.2-dev"
                }
            },
            "autoload": {
                "psr-4": {
                    "Symfony\\Component\\Yaml\\": ""
                },
                "exclude-from-classmap": [
                    "/Tests/"
                ]
            },
            "notification-url": "https://packagist.org/downloads/",
            "license": [
                "MIT"
            ],
            "authors": [
                {
                    "name": "Fabien Potencier",
                    "email": "fabien@symfony.com"
                },
                {
                    "name": "Symfony Community",
                    "homepage": "https://symfony.com/contributors"
                }
            ],
            "description": "Symfony Yaml Component",
            "homepage": "https://symfony.com",
            "time": "2017-01-03T13:51:32+00:00"
        }
    ],
    "packages-dev": [],
    "aliases": [],
    "minimum-stability": "stable",
    "stability-flags": {
        "motivatedsloth/noaa": 20
    },
    "prefer-stable": false,
    "prefer-lowest": false,
    "platform": {
        "php": ">=7.0.0"
    },
    "platform-dev": []
}
